
Microsoft Visual Studio Solution File, Format Version 12.00
# Visual Studio Version 17
VisualStudioVersion = 17.7.34031.279
MinimumVisualStudioVersion = 10.0.40219.1
Project("{FAE04EC0-301F-11D3-BF4B-00C04F79EFBC}") = "AppPdfConverterWApi", "WebApiPdfConverter\AppPdfConverterWApi.csproj", "{AC5FE582-2022-427C-AE13-B58F7AF6EF93}"
EndProject
Project("{FAE04EC0-301F-11D3-BF4B-00C04F79EFBC}") = "Services", "Services\Services.csproj", "{145124B9-D041-4E77-86AD-1B88B6C12469}"
EndProject
Project("{FAE04EC0-301F-11D3-BF4B-00C04F79EFBC}") = "AppConsole", "AppConsole\AppConsole.csproj", "{AB8F6ECC-AE40-4D0E-BA2E-23280870D1FB}"
EndProject
Global
	GlobalSection(SolutionConfigurationPlatforms) = preSolution
		Debug|Any CPU = Debug|Any CPU
		Release|Any CPU = Release|Any CPU
	EndGlobalSection
	GlobalSection(ProjectConfigurationPlatforms) = postSolution
		{AC5FE582-2022-427C-AE13-B58F7AF6EF93}.Debug|Any CPU.ActiveCfg = Debug|Any CPU
		{AC5FE582-2022-427C-AE13-B58F7AF6EF93}.Debug|Any CPU.Build.0 = Debug|Any CPU
		{AC5FE582-2022-427C-AE13-B58F7AF6EF93}.Release|Any CPU.ActiveCfg = Release|Any CPU
		{AC5FE582-2022-427C-AE13-B58F7AF6EF93}.Release|Any CPU.Build.0 = Release|Any CPU
		{145124B9-D041-4E77-86AD-1B88B6C12469}.Debug|Any CPU.ActiveCfg = Debug|Any CPU
		{145124B9-D041-4E77-86AD-1B88B6C12469}.Debug|Any CPU.Build.0 = Debug|Any CPU
		{145124B9-D041-4E77-86AD-1B88B6C12469}.Release|Any CPU.ActiveCfg = Release|Any CPU
		{145124B9-D041-4E77-86AD-1B88B6C12469}.Release|Any CPU.Build.0 = Release|Any CPU
		{AB8F6ECC-AE40-4D0E-BA2E-23280870D1FB}.Debug|Any CPU.ActiveCfg = Debug|Any CPU
		{AB8F6ECC-AE40-4D0E-BA2E-23280870D1FB}.Debug|Any CPU.Build.0 = Debug|Any CPU
		{AB8F6ECC-AE40-4D0E-BA2E-23280870D1FB}.Release|Any CPU.ActiveCfg = Release|Any CPU
		{AB8F6ECC-AE40-4D0E-BA2E-23280870D1FB}.Release|Any CPU.Build.0 = Release|Any CPU
	EndGlobalSection
	GlobalSection(SolutionProperties) = preSolution
		HideSolutionNode = FALSE
	EndGlobalSection
	GlobalSection(ExtensibilityGlobals) = postSolution
		SolutionGuid = {DBCBC220-77FF-4BD8-940D-137BA18EACC8}
	EndGlobalSection
EndGlobal
